// !$*UTF8*$!
{
	archiveVersion = 1;
	classes = {
	};
	objectVersion = 77;
	objects = {

/* Begin PBXBuildFile section */
		268F53812D11C31C00C67F42 /* CardView.swift in Sources */ = {isa = PBXBuildFile; fileRef = 268F537E2D11C31C00C67F42 /* CardView.swift */; };
		268F53822D11C31C00C67F42 /* SkyrimHobbyCardsApp.swift in Sources */ = {isa = PBXBuildFile; fileRef = 268F537F2D11C31C00C67F42 /* SkyrimHobbyCardsApp.swift */; };
		268F53832D11C31C00C67F42 /* Preview Assets.xcassets in Resources */ = {isa = PBXBuildFile; fileRef = 268F537B2D11C31C00C67F42 /* Preview Assets.xcassets */; };
		268F53842D11C31C00C67F42 /* Assets.xcassets in Resources */ = {isa = PBXBuildFile; fileRef = 268F537D2D11C31C00C67F42 /* Assets.xcassets */; };
		268F53872D11C43D00C67F42 /* CardTabView.swift in Sources */ = {isa = PBXBuildFile; fileRef = 268F53862D11C43D00C67F42 /* CardTabView.swift */; };
		268F53CD2D124CB300C67F42 /* DragonSymbolShape.swift in Sources */ = {isa = PBXBuildFile; fileRef = 268F53CC2D124CB300C67F42 /* DragonSymbolShape.swift */; };
		268F53CF2D124CE000C67F42 /* PointedRectangleShape.swift in Sources */ = {isa = PBXBuildFile; fileRef = 268F53CE2D124CE000C67F42 /* PointedRectangleShape.swift */; };
/* End PBXBuildFile section */

/* Begin PBXFileReference section */
		268F536A2D11C23700C67F42 /* SkyrimHobbyCards.app */ = {isa = PBXFileReference; explicitFileType = wrapper.application; includeInIndex = 0; path = SkyrimHobbyCards.app; sourceTree = BUILT_PRODUCTS_DIR; };
		268F537B2D11C31C00C67F42 /* Preview Assets.xcassets */ = {isa = PBXFileReference; lastKnownFileType = folder.assetcatalog; path = "Preview Assets.xcassets"; sourceTree = "<group>"; };
		268F537D2D11C31C00C67F42 /* Assets.xcassets */ = {isa = PBXFileReference; lastKnownFileType = folder.assetcatalog; path = Assets.xcassets; sourceTree = "<group>"; };
		268F537E2D11C31C00C67F42 /* CardView.swift */ = {isa = PBXFileReference; lastKnownFileType = sourcecode.swift; path = CardView.swift; sourceTree = "<group>"; };
		268F537F2D11C31C00C67F42 /* SkyrimHobbyCardsApp.swift */ = {isa = PBXFileReference; lastKnownFileType = sourcecode.swift; path = SkyrimHobbyCardsApp.swift; sourceTree = "<group>"; };
		268F53862D11C43D00C67F42 /* CardTabView.swift */ = {isa = PBXFileReference; lastKnownFileType = sourcecode.swift; path = CardTabView.swift; sourceTree = "<group>"; };
		268F53CC2D124CB300C67F42 /* DragonSymbolShape.swift */ = {isa = PBXFileReference; lastKnownFileType = sourcecode.swift; path = DragonSymbolShape.swift; sourceTree = "<group>"; };
		268F53CE2D124CE000C67F42 /* PointedRectangleShape.swift */ = {isa = PBXFileReference; lastKnownFileType = sourcecode.swift; path = PointedRectangleShape.swift; sourceTree = "<group>"; };
/* End PBXFileReference section */

/* Begin PBXFrameworksBuildPhase section */
		268F53672D11C23700C67F42 /* Frameworks */ = {
			isa = PBXFrameworksBuildPhase;
			buildActionMask = 2147483647;
			files = (
			);
			runOnlyForDeploymentPostprocessing = 0;
		};
/* End PBXFrameworksBuildPhase section */

/* Begin PBXGroup section */
		268F53612D11C23700C67F42 = {
			isa = PBXGroup;
			children = (
				268F53802D11C31C00C67F42 /* SkyrimHobbyCards */,
				268F536B2D11C23700C67F42 /* Products */,
			);
			sourceTree = "<group>";
		};
		268F536B2D11C23700C67F42 /* Products */ = {
			isa = PBXGroup;
			children = (
				268F536A2D11C23700C67F42 /* SkyrimHobbyCards.app */,
			);
			name = Products;
			sourceTree = "<group>";
		};
		268F537C2D11C31C00C67F42 /* Preview Content */ = {
			isa = PBXGroup;
			children = (
				268F537B2D11C31C00C67F42 /* Preview Assets.xcassets */,
			);
			path = "Preview Content";
			sourceTree = "<group>";
		};
		268F53802D11C31C00C67F42 /* SkyrimHobbyCards */ = {
			isa = PBXGroup;
			children = (
				268F537F2D11C31C00C67F42 /* SkyrimHobbyCardsApp.swift */,
				268F53CB2D124C9E00C67F42 /* Model */,
				268F53852D11C35700C67F42 /* Views */,
				268F537C2D11C31C00C67F42 /* Preview Content */,
				268F537D2D11C31C00C67F42 /* Assets.xcassets */,
			);
			path = SkyrimHobbyCards;
			sourceTree = "<group>";
		};
		268F53852D11C35700C67F42 /* Views */ = {
			isa = PBXGroup;
			children = (
				268F53862D11C43D00C67F42 /* CardTabView.swift */,
				268F537E2D11C31C00C67F42 /* CardView.swift */,
			);
			path = Views;
			sourceTree = "<group>";
		};
		268F53CB2D124C9E00C67F42 /* Model */ = {
			isa = PBXGroup;
			children = (
				268F53CC2D124CB300C67F42 /* DragonSymbolShape.swift */,
				268F53CE2D124CE000C67F42 /* PointedRectangleShape.swift */,
			);
			path = Model;
			sourceTree = "<group>";
		};
/* End PBXGroup section */

/* Begin PBXNativeTarget section */
		268F53692D11C23700C67F42 /* SkyrimHobbyCards */ = {
			isa = PBXNativeTarget;
			buildConfigurationList = 268F53782D11C23A00C67F42 /* Build configuration list for PBXNativeTarget "SkyrimHobbyCards" */;
			buildPhases = (
				268F53662D11C23700C67F42 /* Sources */,
				268F53672D11C23700C67F42 /* Frameworks */,
				268F53682D11C23700C67F42 /* Resources */,
			);
			buildRules = (
			);
			dependencies = (
			);
			name = SkyrimHobbyCards;
			packageProductDependencies = (
			);
			productName = SkyrimHobbyCards;
			productReference = 268F536A2D11C23700C67F42 /* SkyrimHobbyCards.app */;
			productType = "com.apple.product-type.application";
		};
/* End PBXNativeTarget section */

/* Begin PBXProject section */
		268F53622D11C23700C67F42 /* Project object */ = {
			isa = PBXProject;
			attributes = {
				BuildIndependentTargetsInParallel = 1;
				LastSwiftUpdateCheck = 1600;
				LastUpgradeCheck = 1600;
				TargetAttributes = {
					268F53692D11C23700C67F42 = {
						CreatedOnToolsVersion = 16.0;
					};
				};
			};
			buildConfigurationList = 268F53652D11C23700C67F42 /* Build configuration list for PBXProject "SkyrimHobbyCards" */;
			developmentRegion = en;
			hasScannedForEncodings = 0;
			knownRegions = (
				en,
				Base,
			);
			mainGroup = 268F53612D11C23700C67F42;
			minimizedProjectReferenceProxies = 1;
			preferredProjectObjectVersion = 77;
			productRefGroup = 268F536B2D11C23700C67F42 /* Products */;
			projectDirPath = "";
			projectRoot = "";
			targets = (
				268F53692D11C23700C67F42 /* SkyrimHobbyCards */,
			);
		};
/* End PBXProject section */

/* Begin PBXResourcesBuildPhase section */
		268F53682D11C23700C67F42 /* Resources */ = {
			isa = PBXResourcesBuildPhase;
			buildActionMask = 2147483647;
			files = (
				268F53832D11C31C00C67F42 /* Preview Assets.xcassets in Resources */,
				268F53842D11C31C00C67F42 /* Assets.xcassets in Resources */,
			);
			runOnlyForDeploymentPostprocessing = 0;
		};
/* End PBXResourcesBuildPhase section */

/* Begin PBXSourcesBuildPhase section */
		268F53662D11C23700C67F42 /* Sources */ = {
			isa = PBXSourcesBuildPhase;
			buildActionMask = 2147483647;
			files = (
				268F53812D11C31C00C67F42 /* CardView.swift in Sources */,
				268F53872D11C43D00C67F42 /* CardTabView.swift in Sources */,
				268F53CD2D124CB300C67F42 /* DragonSymbolShape.swift in Sources */,
				268F53822D11C31C00C67F42 /* SkyrimHobbyCardsApp.swift in Sources */,
				268F53CF2D124CE000C67F42 /* PointedRectangleShape.swift in Sources */,
			);
			runOnlyForDeploymentPostprocessing = 0;
		};
/* End PBXSourcesBuildPhase section */

/* Begin XCBuildConfiguration section */
		268F53762D11C23A00C67F42 /* Debug */ = {
			isa = XCBuildConfiguration;
			buildSettings = {
				ALWAYS_SEARCH_USER_PATHS = NO;
				ASSETCATALOG_COMPILER_GENERATE_SWIFT_ASSET_SYMBOL_EXTENSIONS = YES;
				CLANG_ANALYZER_NONNULL = YES;
				CLANG_ANALYZER_NUMBER_OBJECT_CONVERSION = YES_AGGRESSIVE;
				CLANG_CXX_LANGUAGE_STANDARD = "gnu++20";
				CLANG_ENABLE_MODULES = YES;
				CLANG_ENABLE_OBJC_ARC = YES;
				CLANG_ENABLE_OBJC_WEAK = YES;
				CLANG_WARN_BLOCK_CAPTURE_AUTORELEASING = YES;
				CLANG_WARN_BOOL_CONVERSION = YES;
				CLANG_WARN_COMMA = YES;
				CLANG_WARN_CONSTANT_CONVERSION = YES;
				CLANG_WARN_DEPRECATED_OBJC_IMPLEMENTATIONS = YES;
				CLANG_WARN_DIRECT_OBJC_ISA_USAGE = YES_ERROR;
				CLANG_WARN_DOCUMENTATION_COMMENTS = YES;
				CLANG_WARN_EMPTY_BODY = YES;
				CLANG_WARN_ENUM_CONVERSION = YES;
				CLANG_WARN_INFINITE_RECURSION = YES;
				CLANG_WARN_INT_CONVERSION = YES;
				CLANG_WARN_NON_LITERAL_NULL_CONVERSION = YES;
				CLANG_WARN_OBJC_IMPLICIT_RETAIN_SELF = YES;
				CLANG_WARN_OBJC_LITERAL_CONVERSION = YES;
				CLANG_WARN_OBJC_ROOT_CLASS = YES_ERROR;
				CLANG_WARN_QUOTED_INCLUDE_IN_FRAMEWORK_HEADER = YES;
				CLANG_WARN_RANGE_LOOP_ANALYSIS = YES;
				CLANG_WARN_STRICT_PROTOTYPES = YES;
				CLANG_WARN_SUSPICIOUS_MOVE = YES;
				CLANG_WARN_UNGUARDED_AVAILABILITY = YES_AGGRESSIVE;
				CLANG_WARN_UNREACHABLE_CODE = YES;
				CLANG_WARN__DUPLICATE_METHOD_MATCH = YES;
				COPY_PHASE_STRIP = NO;
				DEBUG_INFORMATION_FORMAT = dwarf;
				ENABLE_STRICT_OBJC_MSGSEND = YES;
				ENABLE_TESTABILITY = YES;
				ENABLE_USER_SCRIPT_SANDBOXING = YES;
				GCC_C_LANGUAGE_STANDARD = gnu17;
				GCC_DYNAMIC_NO_PIC = NO;
				GCC_NO_COMMON_BLOCKS = YES;
				GCC_OPTIMIZATION_LEVEL = 0;
				GCC_PREPROCESSOR_DEFINITIONS = (
					"DEBUG=1",
					"$(inherited)",
				);
				GCC_WARN_64_TO_32_BIT_CONVERSION = YES;
				GCC_WARN_ABOUT_RETURN_TYPE = YES_ERROR;
				GCC_WARN_UNDECLARED_SELECTOR = YES;
				GCC_WARN_UNINITIALIZED_AUTOS = YES_AGGRESSIVE;
				GCC_WARN_UNUSED_FUNCTION = YES;
				GCC_WARN_UNUSED_VARIABLE = YES;
				IPHONEOS_DEPLOYMENT_TARGET = 18.0;
				LOCALIZATION_PREFERS_STRING_CATALOGS = YES;
				MTL_ENABLE_DEBUG_INFO = INCLUDE_SOURCE;
				MTL_FAST_MATH = YES;
				ONLY_ACTIVE_ARCH = YES;
				SDKROOT = iphoneos;
				SWIFT_ACTIVE_COMPILATION_CONDITIONS = "DEBUG $(inherited)";
				SWIFT_OPTIMIZATION_LEVEL = "-Onone";
			};
			name = Debug;
		};
		268F53772D11C23A00C67F42 /* Release */ = {
			isa = XCBuildConfiguration;
			buildSettings = {
				ALWAYS_SEARCH_USER_PATHS = NO;
				ASSETCATALOG_COMPILER_GENERATE_SWIFT_ASSET_SYMBOL_EXTENSIONS = YES;
				CLANG_ANALYZER_NONNULL = YES;
				CLANG_ANALYZER_NUMBER_OBJECT_CONVERSION = YES_AGGRESSIVE;
				CLANG_CXX_LANGUAGE_STANDARD = "gnu++20";
				CLANG_ENABLE_MODULES = YES;
				CLANG_ENABLE_OBJC_ARC = YES;
				CLANG_ENABLE_OBJC_WEAK = YES;
				CLANG_WARN_BLOCK_CAPTURE_AUTORELEASING = YES;
				CLANG_WARN_BOOL_CONVERSION = YES;
				CLANG_WARN_COMMA = YES;
				CLANG_WARN_CONSTANT_CONVERSION = YES;
				CLANG_WARN_DEPRECATED_OBJC_IMPLEMENTATIONS = YES;
				CLANG_WARN_DIRECT_OBJC_ISA_USAGE = YES_ERROR;
				CLANG_WARN_DOCUMENTATION_COMMENTS = YES;
				CLANG_WARN_EMPTY_BODY = YES;
				CLANG_WARN_ENUM_CONVERSION = YES;
				CLANG_WARN_INFINITE_RECURSION = YES;
				CLANG_WARN_INT_CONVERSION = YES;
				CLANG_WARN_NON_LITERAL_NULL_CONVERSION = YES;
				CLANG_WARN_OBJC_IMPLICIT_RETAIN_SELF = YES;
				CLANG_WARN_OBJC_LITERAL_CONVERSION = YES;
				CLANG_WARN_OBJC_ROOT_CLASS = YES_ERROR;
				CLANG_WARN_QUOTED_INCLUDE_IN_FRAMEWORK_HEADER = YES;
				CLANG_WARN_RANGE_LOOP_ANALYSIS = YES;
				CLANG_WARN_STRICT_PROTOTYPES = YES;
				CLANG_WARN_SUSPICIOUS_MOVE = YES;
				CLANG_WARN_UNGUARDED_AVAILABILITY = YES_AGGRESSIVE;
				CLANG_WARN_UNREACHABLE_CODE = YES;
				CLANG_WARN__DUPLICATE_METHOD_MATCH = YES;
				COPY_PHASE_STRIP = NO;
				DEBUG_INFORMATION_FORMAT = "dwarf-with-dsym";
				ENABLE_NS_ASSERTIONS = NO;
				ENABLE_STRICT_OBJC_MSGSEND = YES;
				ENABLE_USER_SCRIPT_SANDBOXING = YES;
				GCC_C_LANGUAGE_STANDARD = gnu17;
				GCC_NO_COMMON_BLOCKS = YES;
				GCC_WARN_64_TO_32_BIT_CONVERSION = YES;
				GCC_WARN_ABOUT_RETURN_TYPE = YES_ERROR;
				GCC_WARN_UNDECLARED_SELECTOR = YES;
				GCC_WARN_UNINITIALIZED_AUTOS = YES_AGGRESSIVE;
				GCC_WARN_UNUSED_FUNCTION = YES;
				GCC_WARN_UNUSED_VARIABLE = YES;
				IPHONEOS_DEPLOYMENT_TARGET = 18.0;
				LOCALIZATION_PREFERS_STRING_CATALOGS = YES;
				MTL_ENABLE_DEBUG_INFO = NO;
				MTL_FAST_MATH = YES;
				SDKROOT = iphoneos;
				SWIFT_COMPILATION_MODE = wholemodule;
				VALIDATE_PRODUCT = YES;
			};
			name = Release;
		};
		268F53792D11C23A00C67F42 /* Debug */ = {
			isa = XCBuildConfiguration;
			buildSettings = {
				ASSETCATALOG_COMPILER_APPICON_NAME = AppIcon;
				ASSETCATALOG_COMPILER_GLOBAL_ACCENT_COLOR_NAME = AccentColor;
				CODE_SIGN_STYLE = Automatic;
				CURRENT_PROJECT_VERSION = 1;
				DEVELOPMENT_ASSET_PATHS = "\"SkyrimHobbyCards/Preview Content\"";
				DEVELOPMENT_TEAM = 4UG443984D;
				ENABLE_PREVIEWS = YES;
				GENERATE_INFOPLIST_FILE = YES;
				INFOPLIST_KEY_UIApplicationSceneManifest_Generation = YES;
				INFOPLIST_KEY_UIApplicationSupportsIndirectInputEvents = YES;
				INFOPLIST_KEY_UILaunchScreen_Generation = YES;
				INFOPLIST_KEY_UISupportedInterfaceOrientations_iPad = "UIInterfaceOrientationPortrait UIInterfaceOrientationPortraitUpsideDown UIInterfaceOrientationLandscapeLeft UIInterfaceOrientationLandscapeRight";
				INFOPLIST_KEY_UISupportedInterfaceOrientations_iPhone = "UIInterfaceOrientationPortrait UIInterfaceOrientationLandscapeLeft UIInterfaceOrientationLandscapeRight";
				LD_RUNPATH_SEARCH_PATHS = (
					"$(inherited)",
					"@executable_path/Frameworks",
				);
				MARKETING_VERSION = 1.0;
				PRODUCT_BUNDLE_IDENTIFIER = ca.skyeharrisstoertz.SkyrimHobbyCards;
				PRODUCT_NAME = "$(TARGET_NAME)";
				SWIFT_EMIT_LOC_STRINGS = YES;
				SWIFT_VERSION = 5.0;
				TARGETED_DEVICE_FAMILY = "1,2";
			};
			name = Debug;
		};
		268F537A2D11C23A00C67F42 /* Release */ = {
			isa = XCBuildConfiguration;
			buildSettings = {
				ASSETCATALOG_COMPILER_APPICON_NAME = AppIcon;
				ASSETCATALOG_COMPILER_GLOBAL_ACCENT_COLOR_NAME = AccentColor;
				CODE_SIGN_STYLE = Automatic;
				CURRENT_PROJECT_VERSION = 1;
				DEVELOPMENT_ASSET_PATHS = "\"SkyrimHobbyCards/Preview Content\"";
				DEVELOPMENT_TEAM = 4UG443984D;
				ENABLE_PREVIEWS = YES;
				GENERATE_INFOPLIST_FILE = YES;
				INFOPLIST_KEY_UIApplicationSceneManifest_Generation = YES;
				INFOPLIST_KEY_UIApplicationSupportsIndirectInputEvents = YES;
				INFOPLIST_KEY_UILaunchScreen_Generation = YES;
				INFOPLIST_KEY_UISupportedInterfaceOrientations_iPad = "UIInterfaceOrientationPortrait UIInterfaceOrientationPortraitUpsideDown UIInterfaceOrientationLandscapeLeft UIInterfaceOrientationLandscapeRight";
				INFOPLIST_KEY_UISupportedInterfaceOrientations_iPhone = "UIInterfaceOrientationPortrait UIInterfaceOrientationLandscapeLeft UIInterfaceOrientationLandscapeRight";
				LD_RUNPATH_SEARCH_PATHS = (
					"$(inherited)",
					"@executable_path/Frameworks",
				);
				MARKETING_VERSION = 1.0;
				PRODUCT_BUNDLE_IDENTIFIER = ca.skyeharrisstoertz.SkyrimHobbyCards;
				PRODUCT_NAME = "$(TARGET_NAME)";
				SWIFT_EMIT_LOC_STRINGS = YES;
				SWIFT_VERSION = 5.0;
				TARGETED_DEVICE_FAMILY = "1,2";
			};
			name = Release;
		};
/* End XCBuildConfiguration section */

/* Begin XCConfigurationList section */
		268F53652D11C23700C67F42 /* Build configuration list for PBXProject "SkyrimHobbyCards" */ = {
			isa = XCConfigurationList;
			buildConfigurations = (
				268F53762D11C23A00C67F42 /* Debug */,
				268F53772D11C23A00C67F42 /* Release */,
			);
			defaultConfigurationIsVisible = 0;
			defaultConfigurationName = Release;
		};
		268F53782D11C23A00C67F42 /* Build configuration list for PBXNativeTarget "SkyrimHobbyCards" */ = {
			isa = XCConfigurationList;
			buildConfigurations = (
				268F53792D11C23A00C67F42 /* Debug */,
				268F537A2D11C23A00C67F42 /* Release */,
			);
			defaultConfigurationIsVisible = 0;
			defaultConfigurationName = Release;
		};
/* End XCConfigurationList section */
	};
	rootObject = 268F53622D11C23700C67F42 /* Project object */;
}
